
Microsoft Visual Studio Solution File, Format Version 12.00
# Visual Studio Version 17
VisualStudioVersion = 17.10.35027.167
MinimumVisualStudioVersion = 10.0.40219.1
Project("{9A19103F-16F7-4668-BE54-9A1E7A4F7556}") = "WebApplication3", "WebApplication3\WebApplication3.csproj", "{C0685749-73E6-4E55-9832-C651348BE17F}"
EndProject
Project("{9A19103F-16F7-4668-BE54-9A1E7A4F7556}") = "BlazorApp1", "BlazorApp1\BlazorApp1.csproj", "{E3D7375D-720C-4875-8158-D4BA4E60CB8A}"
EndProject
Project("{2150E333-8FDC-42A3-9474-1A3956D46DE8}") = "Solution Items", "Solution Items", "{5000C55C-21B6-41B9-944F-B6AD12E47E75}"
	ProjectSection(SolutionItems) = preProject
		dbscript.sql = dbscript.sql
		Readme.md = Readme.md
	EndProjectSection
EndProject
Project("{9A19103F-16F7-4668-BE54-9A1E7A4F7556}") = "BlazorAppWeb", "BlazorAppWeb\BlazorAppWeb\BlazorAppWeb.csproj", "{7ACAD0BC-F318-405C-AB03-0EF0CD0F118E}"
EndProject
Project("{9A19103F-16F7-4668-BE54-9A1E7A4F7556}") = "BlazorAppWeb.Client", "BlazorAppWeb\BlazorAppWeb.Client\BlazorAppWeb.Client.csproj", "{DF82DE5C-C411-4FAA-BD25-F5BD5D102525}"
EndProject
Project("{FAE04EC0-301F-11D3-BF4B-00C04F79EFBC}") = "WebApplication3.AppHost", "WebApplication3.AppHost\WebApplication3.AppHost.csproj", "{D8F80D6F-E1B4-4DA7-B895-04450295763A}"
EndProject
Project("{9A19103F-16F7-4668-BE54-9A1E7A4F7556}") = "WebApplication3.ServiceDefaults", "WebApplication3.ServiceDefaults\WebApplication3.ServiceDefaults.csproj", "{A2BACD4F-1FAC-4339-A4C9-623536365DCB}"
EndProject
Global
	GlobalSection(SolutionConfigurationPlatforms) = preSolution
		Debug|Any CPU = Debug|Any CPU
		Release|Any CPU = Release|Any CPU
	EndGlobalSection
	GlobalSection(ProjectConfigurationPlatforms) = postSolution
		{C0685749-73E6-4E55-9832-C651348BE17F}.Debug|Any CPU.ActiveCfg = Debug|Any CPU
		{C0685749-73E6-4E55-9832-C651348BE17F}.Debug|Any CPU.Build.0 = Debug|Any CPU
		{C0685749-73E6-4E55-9832-C651348BE17F}.Release|Any CPU.ActiveCfg = Release|Any CPU
		{C0685749-73E6-4E55-9832-C651348BE17F}.Release|Any CPU.Build.0 = Release|Any CPU
		{E3D7375D-720C-4875-8158-D4BA4E60CB8A}.Debug|Any CPU.ActiveCfg = Debug|Any CPU
		{E3D7375D-720C-4875-8158-D4BA4E60CB8A}.Debug|Any CPU.Build.0 = Debug|Any CPU
		{E3D7375D-720C-4875-8158-D4BA4E60CB8A}.Release|Any CPU.ActiveCfg = Release|Any CPU
		{E3D7375D-720C-4875-8158-D4BA4E60CB8A}.Release|Any CPU.Build.0 = Release|Any CPU
		{7ACAD0BC-F318-405C-AB03-0EF0CD0F118E}.Debug|Any CPU.ActiveCfg = Debug|Any CPU
		{7ACAD0BC-F318-405C-AB03-0EF0CD0F118E}.Debug|Any CPU.Build.0 = Debug|Any CPU
		{7ACAD0BC-F318-405C-AB03-0EF0CD0F118E}.Release|Any CPU.ActiveCfg = Release|Any CPU
		{7ACAD0BC-F318-405C-AB03-0EF0CD0F118E}.Release|Any CPU.Build.0 = Release|Any CPU
		{DF82DE5C-C411-4FAA-BD25-F5BD5D102525}.Debug|Any CPU.ActiveCfg = Debug|Any CPU
		{DF82DE5C-C411-4FAA-BD25-F5BD5D102525}.Debug|Any CPU.Build.0 = Debug|Any CPU
		{DF82DE5C-C411-4FAA-BD25-F5BD5D102525}.Release|Any CPU.ActiveCfg = Release|Any CPU
		{DF82DE5C-C411-4FAA-BD25-F5BD5D102525}.Release|Any CPU.Build.0 = Release|Any CPU
		{D8F80D6F-E1B4-4DA7-B895-04450295763A}.Debug|Any CPU.ActiveCfg = Debug|Any CPU
		{D8F80D6F-E1B4-4DA7-B895-04450295763A}.Debug|Any CPU.Build.0 = Debug|Any CPU
		{D8F80D6F-E1B4-4DA7-B895-04450295763A}.Release|Any CPU.ActiveCfg = Release|Any CPU
		{D8F80D6F-E1B4-4DA7-B895-04450295763A}.Release|Any CPU.Build.0 = Release|Any CPU
		{A2BACD4F-1FAC-4339-A4C9-623536365DCB}.Debug|Any CPU.ActiveCfg = Debug|Any CPU
		{A2BACD4F-1FAC-4339-A4C9-623536365DCB}.Debug|Any CPU.Build.0 = Debug|Any CPU
		{A2BACD4F-1FAC-4339-A4C9-623536365DCB}.Release|Any CPU.ActiveCfg = Release|Any CPU
		{A2BACD4F-1FAC-4339-A4C9-623536365DCB}.Release|Any CPU.Build.0 = Release|Any CPU
	EndGlobalSection
	GlobalSection(SolutionProperties) = preSolution
		HideSolutionNode = FALSE
	EndGlobalSection
	GlobalSection(ExtensibilityGlobals) = postSolution
		SolutionGuid = {E7A932DF-8D16-40BB-A864-714C64C93163}
	EndGlobalSection
EndGlobal
